
Microsoft Visual Studio Solution File, Format Version 12.00
# Visual Studio Version 17
VisualStudioVersion = 17.0.31903.59
MinimumVisualStudioVersion = 10.0.40219.1
Project("{FAE04EC0-301F-11D3-BF4B-00C04F79EFBC}") = "API", "API\API.csproj", "{384E0A02-EC68-4FC5-8032-D020542C6210}"
EndProject
Project("{FAE04EC0-301F-11D3-BF4B-00C04F79EFBC}") = "Core", "Core\Core.csproj", "{F5781058-5849-4B59-89FF-523BBEFEEF3D}"
EndProject
Project("{FAE04EC0-301F-11D3-BF4B-00C04F79EFBC}") = "Infrastructure", "Infrastructure\Infrastructure.csproj", "{E97252C7-8D52-41E9-92C6-19A53A0DE31D}"
EndProject
Global
	GlobalSection(SolutionConfigurationPlatforms) = preSolution
		Debug|Any CPU = Debug|Any CPU
		Release|Any CPU = Release|Any CPU
	EndGlobalSection
	GlobalSection(SolutionProperties) = preSolution
		HideSolutionNode = FALSE
	EndGlobalSection
	GlobalSection(ProjectConfigurationPlatforms) = postSolution
		{384E0A02-EC68-4FC5-8032-D020542C6210}.Debug|Any CPU.ActiveCfg = Debug|Any CPU
		{384E0A02-EC68-4FC5-8032-D020542C6210}.Debug|Any CPU.Build.0 = Debug|Any CPU
		{384E0A02-EC68-4FC5-8032-D020542C6210}.Release|Any CPU.ActiveCfg = Release|Any CPU
		{384E0A02-EC68-4FC5-8032-D020542C6210}.Release|Any CPU.Build.0 = Release|Any CPU
		{F5781058-5849-4B59-89FF-523BBEFEEF3D}.Debug|Any CPU.ActiveCfg = Debug|Any CPU
		{F5781058-5849-4B59-89FF-523BBEFEEF3D}.Debug|Any CPU.Build.0 = Debug|Any CPU
		{F5781058-5849-4B59-89FF-523BBEFEEF3D}.Release|Any CPU.ActiveCfg = Release|Any CPU
		{F5781058-5849-4B59-89FF-523BBEFEEF3D}.Release|Any CPU.Build.0 = Release|Any CPU
		{E97252C7-8D52-41E9-92C6-19A53A0DE31D}.Debug|Any CPU.ActiveCfg = Debug|Any CPU
		{E97252C7-8D52-41E9-92C6-19A53A0DE31D}.Debug|Any CPU.Build.0 = Debug|Any CPU
		{E97252C7-8D52-41E9-92C6-19A53A0DE31D}.Release|Any CPU.ActiveCfg = Release|Any CPU
		{E97252C7-8D52-41E9-92C6-19A53A0DE31D}.Release|Any CPU.Build.0 = Release|Any CPU
	EndGlobalSection
EndGlobal
